github.com/hashibuto/mirage v0.2.6 h1:pOWLoOsikTE4Fg23K85hVn9YTV8U3us2k8j/PYMnCF8=
github.com/hashibuto/mirage v0.2.6/go.mod h1:OrNCJWauUKM2U3/yu1Qt0KlVOn3uKQwsTIwq+xIpFEI=
github.com/hashibuto/nilshell v0.1.4 h1:8Z/BdTyJSPbStZP26/mzen/0PWAeufyLUUoEIs7Dp64=
github.com/hashibuto/nilshell v0.1.4/go.mod h1:OyliDOagrtUHz7DnJ40++YL/oJHI/m0TUOenZWKd5oA=
golang.org/x/sys v0.2.0 h1:ljd4t30dBnAvMZaQCevtY0xLLD0A+bRZXbgLMLU1F/A=
golang.org/x/sys v0.2.0/go.mod h1:oPkhp1MJrh7nUepCBck5+mAzfO9JrbApNNgaTdGDITg=
golang.org/x/term v0.2.0 h1:z85xZCsEl7bi/KwbNADeBYoOP0++7W1ipu+aGnpwzRM=
golang.org/x/term v0.2.0/go.mod h1:TVmDHMZPmdnySmBfhjOoOdhjzdE1h4u1VwSiw2l1Nuc=
